
Microsoft Visual Studio Solution File, Format Version 12.00
# Visual Studio Version 17
VisualStudioVersion = 17.0.31912.275
MinimumVisualStudioVersion = 10.0.40219.1
Project("{FAE04EC0-301F-11D3-BF4B-00C04F79EFBC}") = "Logica", "Logica\Logica.csproj", "{DFBC504D-2108-4E30-ACC2-1A1531CA5881}"
EndProject
Project("{FAE04EC0-301F-11D3-BF4B-00C04F79EFBC}") = "Entidades", "Entidades\Entidades.csproj", "{5B2247FB-E4B3-4B68-A83F-68BA5AB8EB1A}"
EndProject
Global
	GlobalSection(SolutionConfigurationPlatforms) = preSolution
		Debug|Any CPU = Debug|Any CPU
		Release|Any CPU = Release|Any CPU
	EndGlobalSection
	GlobalSection(ProjectConfigurationPlatforms) = postSolution
		{DFBC504D-2108-4E30-ACC2-1A1531CA5881}.Debug|Any CPU.ActiveCfg = Debug|Any CPU
		{DFBC504D-2108-4E30-ACC2-1A1531CA5881}.Debug|Any CPU.Build.0 = Debug|Any CPU
		{DFBC504D-2108-4E30-ACC2-1A1531CA5881}.Release|Any CPU.ActiveCfg = Release|Any CPU
		{DFBC504D-2108-4E30-ACC2-1A1531CA5881}.Release|Any CPU.Build.0 = Release|Any CPU
		{5B2247FB-E4B3-4B68-A83F-68BA5AB8EB1A}.Debug|Any CPU.ActiveCfg = Debug|Any CPU
		{5B2247FB-E4B3-4B68-A83F-68BA5AB8EB1A}.Debug|Any CPU.Build.0 = Debug|Any CPU
		{5B2247FB-E4B3-4B68-A83F-68BA5AB8EB1A}.Release|Any CPU.ActiveCfg = Release|Any CPU
		{5B2247FB-E4B3-4B68-A83F-68BA5AB8EB1A}.Release|Any CPU.Build.0 = Release|Any CPU
	EndGlobalSection
	GlobalSection(SolutionProperties) = preSolution
		HideSolutionNode = FALSE
	EndGlobalSection
	GlobalSection(ExtensibilityGlobals) = postSolution
		SolutionGuid = {DA43F178-6706-402A-BFB3-B10CC5331DFC}
	EndGlobalSection
EndGlobal
